
Microsoft Visual Studio Solution File, Format Version 12.00
# Visual Studio Version 16
VisualStudioVersion = 16.0.32228.343
MinimumVisualStudioVersion = 10.0.40219.1
Project("{9A19103F-16F7-4668-BE54-9A1E7A4F7556}") = "AJ60J7_HFT_2021222.Client", "AJ60J7_HFT_2021222.Client\AJ60J7_HFT_2021222.Client.csproj", "{8AB645FD-3AB2-45D2-BEA6-CF405AD3E974}"
EndProject
Project("{9A19103F-16F7-4668-BE54-9A1E7A4F7556}") = "AJ60J7_HFT_2021222.Models", "AJ60J7_HFT_2021222.Models\AJ60J7_HFT_2021222.Models.csproj", "{9D31F202-20E5-4203-9EC6-F3DE7CFD55C0}"
EndProject
Project("{9A19103F-16F7-4668-BE54-9A1E7A4F7556}") = "AJ60J7_HFT_2021222.Logic", "AJ60J7_HFT_2021222.Logic\AJ60J7_HFT_2021222.Logic.csproj", "{FC498D10-6694-4982-8463-1279C3D9F563}"
EndProject
Project("{9A19103F-16F7-4668-BE54-9A1E7A4F7556}") = "AJ60J7_HFT_2021222.Repository", "AJ60J7_HFT_2021222.Repository\AJ60J7_HFT_2021222.Repository.csproj", "{1BA192AA-7C62-40E5-B295-2FEB900F9DBE}"
EndProject
Project("{9A19103F-16F7-4668-BE54-9A1E7A4F7556}") = "AJ60J7_HFT_2021222.Endpoint", "AJ60J7_HFT_2021222.Endpoint\AJ60J7_HFT_2021222.Endpoint.csproj", "{C48F4DA9-629E-45F5-B509-7473C398599E}"
EndProject
Project("{9A19103F-16F7-4668-BE54-9A1E7A4F7556}") = "AJ60J7_HFT_2021222.Test", "AJ60J7_HFT_2021222.Test\AJ60J7_HFT_2021222.Test.csproj", "{7FB174AB-17DF-4E90-8BF0-C0532D16E87E}"
EndProject
Project("{2150E333-8FDC-42A3-9474-1A3956D46DE8}") = "Backend", "Backend", "{73F53F2A-8FFF-4C19-B47D-AF92B077EF48}"
EndProject
Project("{2150E333-8FDC-42A3-9474-1A3956D46DE8}") = "Frontend", "Frontend", "{7B384138-77EE-4AB8-8708-0B18FFD54084}"
EndProject
Project("{2150E333-8FDC-42A3-9474-1A3956D46DE8}") = "Shared", "Shared", "{B2EEBB7C-C3EA-44CB-BE7D-D15FC13C855A}"
EndProject
Project("{2150E333-8FDC-42A3-9474-1A3956D46DE8}") = "Others", "Others", "{A4233D30-ACBF-4B50-9C56-3EC75D39D3A9}"
	ProjectSection(SolutionItems) = preProject
		.gitignore = .gitignore
	EndProjectSection
EndProject
Project("{9A19103F-16F7-4668-BE54-9A1E7A4F7556}") = "AJ60J7_HFT_2021222.Data", "AJ60J7_HFT_2021222.Data\AJ60J7_HFT_2021222.Data.csproj", "{0D4B3D39-0C7F-421C-9B13-3191E1B7DBF0}"
EndProject
Global
	GlobalSection(SolutionConfigurationPlatforms) = preSolution
		Debug|Any CPU = Debug|Any CPU
		Release|Any CPU = Release|Any CPU
	EndGlobalSection
	GlobalSection(ProjectConfigurationPlatforms) = postSolution
		{8AB645FD-3AB2-45D2-BEA6-CF405AD3E974}.Debug|Any CPU.ActiveCfg = Debug|Any CPU
		{8AB645FD-3AB2-45D2-BEA6-CF405AD3E974}.Debug|Any CPU.Build.0 = Debug|Any CPU
		{8AB645FD-3AB2-45D2-BEA6-CF405AD3E974}.Release|Any CPU.ActiveCfg = Release|Any CPU
		{8AB645FD-3AB2-45D2-BEA6-CF405AD3E974}.Release|Any CPU.Build.0 = Release|Any CPU
		{9D31F202-20E5-4203-9EC6-F3DE7CFD55C0}.Debug|Any CPU.ActiveCfg = Debug|Any CPU
		{9D31F202-20E5-4203-9EC6-F3DE7CFD55C0}.Debug|Any CPU.Build.0 = Debug|Any CPU
		{9D31F202-20E5-4203-9EC6-F3DE7CFD55C0}.Release|Any CPU.ActiveCfg = Release|Any CPU
		{9D31F202-20E5-4203-9EC6-F3DE7CFD55C0}.Release|Any CPU.Build.0 = Release|Any CPU
		{FC498D10-6694-4982-8463-1279C3D9F563}.Debug|Any CPU.ActiveCfg = Debug|Any CPU
		{FC498D10-6694-4982-8463-1279C3D9F563}.Debug|Any CPU.Build.0 = Debug|Any CPU
		{FC498D10-6694-4982-8463-1279C3D9F563}.Release|Any CPU.ActiveCfg = Release|Any CPU
		{FC498D10-6694-4982-8463-1279C3D9F563}.Release|Any CPU.Build.0 = Release|Any CPU
		{1BA192AA-7C62-40E5-B295-2FEB900F9DBE}.Debug|Any CPU.ActiveCfg = Debug|Any CPU
		{1BA192AA-7C62-40E5-B295-2FEB900F9DBE}.Debug|Any CPU.Build.0 = Debug|Any CPU
		{1BA192AA-7C62-40E5-B295-2FEB900F9DBE}.Release|Any CPU.ActiveCfg = Release|Any CPU
		{1BA192AA-7C62-40E5-B295-2FEB900F9DBE}.Release|Any CPU.Build.0 = Release|Any CPU
		{C48F4DA9-629E-45F5-B509-7473C398599E}.Debug|Any CPU.ActiveCfg = Debug|Any CPU
		{C48F4DA9-629E-45F5-B509-7473C398599E}.Debug|Any CPU.Build.0 = Debug|Any CPU
		{C48F4DA9-629E-45F5-B509-7473C398599E}.Release|Any CPU.ActiveCfg = Release|Any CPU
		{C48F4DA9-629E-45F5-B509-7473C398599E}.Release|Any CPU.Build.0 = Release|Any CPU
		{7FB174AB-17DF-4E90-8BF0-C0532D16E87E}.Debug|Any CPU.ActiveCfg = Debug|Any CPU
		{7FB174AB-17DF-4E90-8BF0-C0532D16E87E}.Debug|Any CPU.Build.0 = Debug|Any CPU
		{7FB174AB-17DF-4E90-8BF0-C0532D16E87E}.Release|Any CPU.ActiveCfg = Release|Any CPU
		{7FB174AB-17DF-4E90-8BF0-C0532D16E87E}.Release|Any CPU.Build.0 = Release|Any CPU
		{0D4B3D39-0C7F-421C-9B13-3191E1B7DBF0}.Debug|Any CPU.ActiveCfg = Debug|Any CPU
		{0D4B3D39-0C7F-421C-9B13-3191E1B7DBF0}.Debug|Any CPU.Build.0 = Debug|Any CPU
		{0D4B3D39-0C7F-421C-9B13-3191E1B7DBF0}.Release|Any CPU.ActiveCfg = Release|Any CPU
		{0D4B3D39-0C7F-421C-9B13-3191E1B7DBF0}.Release|Any CPU.Build.0 = Release|Any CPU
	EndGlobalSection
	GlobalSection(SolutionProperties) = preSolution
		HideSolutionNode = FALSE
	EndGlobalSection
	GlobalSection(NestedProjects) = preSolution
		{8AB645FD-3AB2-45D2-BEA6-CF405AD3E974} = {7B384138-77EE-4AB8-8708-0B18FFD54084}
		{9D31F202-20E5-4203-9EC6-F3DE7CFD55C0} = {B2EEBB7C-C3EA-44CB-BE7D-D15FC13C855A}
		{FC498D10-6694-4982-8463-1279C3D9F563} = {73F53F2A-8FFF-4C19-B47D-AF92B077EF48}
		{1BA192AA-7C62-40E5-B295-2FEB900F9DBE} = {73F53F2A-8FFF-4C19-B47D-AF92B077EF48}
		{C48F4DA9-629E-45F5-B509-7473C398599E} = {73F53F2A-8FFF-4C19-B47D-AF92B077EF48}
		{7FB174AB-17DF-4E90-8BF0-C0532D16E87E} = {73F53F2A-8FFF-4C19-B47D-AF92B077EF48}
		{0D4B3D39-0C7F-421C-9B13-3191E1B7DBF0} = {73F53F2A-8FFF-4C19-B47D-AF92B077EF48}
	EndGlobalSection
	GlobalSection(ExtensibilityGlobals) = postSolution
		SolutionGuid = {0B16027D-7B98-4A7E-B430-57BCE8687055}
	EndGlobalSection
EndGlobal
