
Microsoft Visual Studio Solution File, Format Version 12.00
# Visual Studio Version 17
VisualStudioVersion = 17.3.32929.385
MinimumVisualStudioVersion = 10.0.40219.1
Project("{9A19103F-16F7-4668-BE54-9A1E7A4F7556}") = "AJ60J7_HFT_2021222.Client", "AJ60J7_HFT_2021222.Client\AJ60J7_HFT_2021222.Client.csproj", "{8AB645FD-3AB2-45D2-BEA6-CF405AD3E974}"
EndProject
Project("{9A19103F-16F7-4668-BE54-9A1E7A4F7556}") = "AJ60J7_HFT_2021222.Models", "AJ60J7_HFT_2021222.Models\AJ60J7_HFT_2021222.Models.csproj", "{9D31F202-20E5-4203-9EC6-F3DE7CFD55C0}"
EndProject
Project("{9A19103F-16F7-4668-BE54-9A1E7A4F7556}") = "AJ60J7_HFT_2021222.Logic", "AJ60J7_HFT_2021222.Logic\AJ60J7_HFT_2021222.Logic.csproj", "{FC498D10-6694-4982-8463-1279C3D9F563}"
EndProject
Project("{9A19103F-16F7-4668-BE54-9A1E7A4F7556}") = "AJ60J7_HFT_2021222.Repository", "AJ60J7_HFT_2021222.Repository\AJ60J7_HFT_2021222.Repository.csproj", "{1BA192AA-7C62-40E5-B295-2FEB900F9DBE}"
EndProject
Project("{9A19103F-16F7-4668-BE54-9A1E7A4F7556}") = "AJ60J7_HFT_2021222.Test", "AJ60J7_HFT_2021222.Test\AJ60J7_HFT_2021222.Test.csproj", "{7FB174AB-17DF-4E90-8BF0-C0532D16E87E}"
EndProject
Project("{2150E333-8FDC-42A3-9474-1A3956D46DE8}") = "Backend", "Backend", "{73F53F2A-8FFF-4C19-B47D-AF92B077EF48}"
EndProject
Project("{2150E333-8FDC-42A3-9474-1A3956D46DE8}") = "Frontend", "Frontend", "{7B384138-77EE-4AB8-8708-0B18FFD54084}"
EndProject
Project("{2150E333-8FDC-42A3-9474-1A3956D46DE8}") = "Shared", "Shared", "{B2EEBB7C-C3EA-44CB-BE7D-D15FC13C855A}"
EndProject
Project("{2150E333-8FDC-42A3-9474-1A3956D46DE8}") = "Others", "Others", "{A4233D30-ACBF-4B50-9C56-3EC75D39D3A9}"
	ProjectSection(SolutionItems) = preProject
		.gitignore = .gitignore
	EndProjectSection
EndProject
Project("{9A19103F-16F7-4668-BE54-9A1E7A4F7556}") = "AJ60J7_HFT_2021222.Endpoint", "AJ60J7_HFT_2021222.Endpoint\AJ60J7_HFT_2021222.Endpoint.csproj", "{77A32F16-6EEF-497C-AEC3-F2CCD990B04F}"
EndProject
Project("{9A19103F-16F7-4668-BE54-9A1E7A4F7556}") = "AJ60J7_HFT_2021222.WpfClient", "AJ60J7_HFT_2021222.WpfClient\AJ60J7_HFT_2021222.WpfClient.csproj", "{691C757D-9CED-42EC-953E-985786D98D97}"
EndProject
Project("{FAE04EC0-301F-11D3-BF4B-00C04F79EFBC}") = "AJ60J7_HFT_2021222.JSClient", "AJ60J7_HFT_2021222.JSClient\AJ60J7_HFT_2021222.JSClient.csproj", "{BB91120B-0C31-4A8F-8265-AD47CA921171}"
EndProject
Global
	GlobalSection(SolutionConfigurationPlatforms) = preSolution
		Debug|Any CPU = Debug|Any CPU
		Release|Any CPU = Release|Any CPU
	EndGlobalSection
	GlobalSection(ProjectConfigurationPlatforms) = postSolution
		{8AB645FD-3AB2-45D2-BEA6-CF405AD3E974}.Debug|Any CPU.ActiveCfg = Debug|Any CPU
		{8AB645FD-3AB2-45D2-BEA6-CF405AD3E974}.Debug|Any CPU.Build.0 = Debug|Any CPU
		{8AB645FD-3AB2-45D2-BEA6-CF405AD3E974}.Release|Any CPU.ActiveCfg = Release|Any CPU
		{8AB645FD-3AB2-45D2-BEA6-CF405AD3E974}.Release|Any CPU.Build.0 = Release|Any CPU
		{9D31F202-20E5-4203-9EC6-F3DE7CFD55C0}.Debug|Any CPU.ActiveCfg = Debug|Any CPU
		{9D31F202-20E5-4203-9EC6-F3DE7CFD55C0}.Debug|Any CPU.Build.0 = Debug|Any CPU
		{9D31F202-20E5-4203-9EC6-F3DE7CFD55C0}.Release|Any CPU.ActiveCfg = Release|Any CPU
		{9D31F202-20E5-4203-9EC6-F3DE7CFD55C0}.Release|Any CPU.Build.0 = Release|Any CPU
		{FC498D10-6694-4982-8463-1279C3D9F563}.Debug|Any CPU.ActiveCfg = Debug|Any CPU
		{FC498D10-6694-4982-8463-1279C3D9F563}.Debug|Any CPU.Build.0 = Debug|Any CPU
		{FC498D10-6694-4982-8463-1279C3D9F563}.Release|Any CPU.ActiveCfg = Release|Any CPU
		{FC498D10-6694-4982-8463-1279C3D9F563}.Release|Any CPU.Build.0 = Release|Any CPU
		{1BA192AA-7C62-40E5-B295-2FEB900F9DBE}.Debug|Any CPU.ActiveCfg = Debug|Any CPU
		{1BA192AA-7C62-40E5-B295-2FEB900F9DBE}.Debug|Any CPU.Build.0 = Debug|Any CPU
		{1BA192AA-7C62-40E5-B295-2FEB900F9DBE}.Release|Any CPU.ActiveCfg = Release|Any CPU
		{1BA192AA-7C62-40E5-B295-2FEB900F9DBE}.Release|Any CPU.Build.0 = Release|Any CPU
		{7FB174AB-17DF-4E90-8BF0-C0532D16E87E}.Debug|Any CPU.ActiveCfg = Release|Any CPU
		{7FB174AB-17DF-4E90-8BF0-C0532D16E87E}.Debug|Any CPU.Build.0 = Release|Any CPU
		{7FB174AB-17DF-4E90-8BF0-C0532D16E87E}.Release|Any CPU.ActiveCfg = Release|Any CPU
		{7FB174AB-17DF-4E90-8BF0-C0532D16E87E}.Release|Any CPU.Build.0 = Release|Any CPU
		{77A32F16-6EEF-497C-AEC3-F2CCD990B04F}.Debug|Any CPU.ActiveCfg = Debug|Any CPU
		{77A32F16-6EEF-497C-AEC3-F2CCD990B04F}.Debug|Any CPU.Build.0 = Debug|Any CPU
		{77A32F16-6EEF-497C-AEC3-F2CCD990B04F}.Release|Any CPU.ActiveCfg = Release|Any CPU
		{77A32F16-6EEF-497C-AEC3-F2CCD990B04F}.Release|Any CPU.Build.0 = Release|Any CPU
		{691C757D-9CED-42EC-953E-985786D98D97}.Debug|Any CPU.ActiveCfg = Debug|Any CPU
		{691C757D-9CED-42EC-953E-985786D98D97}.Debug|Any CPU.Build.0 = Debug|Any CPU
		{691C757D-9CED-42EC-953E-985786D98D97}.Release|Any CPU.ActiveCfg = Release|Any CPU
		{691C757D-9CED-42EC-953E-985786D98D97}.Release|Any CPU.Build.0 = Release|Any CPU
		{BB91120B-0C31-4A8F-8265-AD47CA921171}.Debug|Any CPU.ActiveCfg = Debug|Any CPU
		{BB91120B-0C31-4A8F-8265-AD47CA921171}.Debug|Any CPU.Build.0 = Debug|Any CPU
		{BB91120B-0C31-4A8F-8265-AD47CA921171}.Release|Any CPU.ActiveCfg = Release|Any CPU
		{BB91120B-0C31-4A8F-8265-AD47CA921171}.Release|Any CPU.Build.0 = Release|Any CPU
	EndGlobalSection
	GlobalSection(SolutionProperties) = preSolution
		HideSolutionNode = FALSE
	EndGlobalSection
	GlobalSection(NestedProjects) = preSolution
		{8AB645FD-3AB2-45D2-BEA6-CF405AD3E974} = {7B384138-77EE-4AB8-8708-0B18FFD54084}
		{9D31F202-20E5-4203-9EC6-F3DE7CFD55C0} = {B2EEBB7C-C3EA-44CB-BE7D-D15FC13C855A}
		{FC498D10-6694-4982-8463-1279C3D9F563} = {73F53F2A-8FFF-4C19-B47D-AF92B077EF48}
		{1BA192AA-7C62-40E5-B295-2FEB900F9DBE} = {73F53F2A-8FFF-4C19-B47D-AF92B077EF48}
		{7FB174AB-17DF-4E90-8BF0-C0532D16E87E} = {73F53F2A-8FFF-4C19-B47D-AF92B077EF48}
		{77A32F16-6EEF-497C-AEC3-F2CCD990B04F} = {73F53F2A-8FFF-4C19-B47D-AF92B077EF48}
		{691C757D-9CED-42EC-953E-985786D98D97} = {7B384138-77EE-4AB8-8708-0B18FFD54084}
		{BB91120B-0C31-4A8F-8265-AD47CA921171} = {7B384138-77EE-4AB8-8708-0B18FFD54084}
	EndGlobalSection
	GlobalSection(ExtensibilityGlobals) = postSolution
		SolutionGuid = {0B16027D-7B98-4A7E-B430-57BCE8687055}
	EndGlobalSection
EndGlobal
